
Microsoft Visual Studio Solution File, Format Version 12.00
# Visual Studio 2013
VisualStudioVersion = 12.0.30723.0
MinimumVisualStudioVersion = 10.0.40219.1
Project("{FAE04EC0-301F-11D3-BF4B-00C04F79EFBC}") = "JsonAssertions", "JsonAssertions\JsonAssertions.csproj", "{A38A9389-22E4-4412-91E0-9E4A2A73C63C}"
EndProject
Project("{2150E333-8FDC-42A3-9474-1A3956D46DE8}") = ".nuget", ".nuget", "{8A4F25E2-9BEC-41EF-8E15-F8E3CA3C036B}"
	ProjectSection(SolutionItems) = preProject
		.nuget\NuGet.Config = .nuget\NuGet.Config
		.nuget\NuGet.exe = .nuget\NuGet.exe
		.nuget\NuGet.targets = .nuget\NuGet.targets
	EndProjectSection
EndProject
Project("{FAE04EC0-301F-11D3-BF4B-00C04F79EFBC}") = "JsonAssertions.Tests", "JsonAssertions.Tests\JsonAssertions.Tests.csproj", "{288F836C-8246-4078-A585-317FF34EAAE2}"
EndProject
Global
	GlobalSection(SolutionConfigurationPlatforms) = preSolution
		Debug|Any CPU = Debug|Any CPU
		Release|Any CPU = Release|Any CPU
	EndGlobalSection
	GlobalSection(ProjectConfigurationPlatforms) = postSolution
		{A38A9389-22E4-4412-91E0-9E4A2A73C63C}.Debug|Any CPU.ActiveCfg = Debug|Any CPU
		{A38A9389-22E4-4412-91E0-9E4A2A73C63C}.Debug|Any CPU.Build.0 = Debug|Any CPU
		{A38A9389-22E4-4412-91E0-9E4A2A73C63C}.Release|Any CPU.ActiveCfg = Release|Any CPU
		{A38A9389-22E4-4412-91E0-9E4A2A73C63C}.Release|Any CPU.Build.0 = Release|Any CPU
		{288F836C-8246-4078-A585-317FF34EAAE2}.Debug|Any CPU.ActiveCfg = Debug|Any CPU
		{288F836C-8246-4078-A585-317FF34EAAE2}.Debug|Any CPU.Build.0 = Debug|Any CPU
		{288F836C-8246-4078-A585-317FF34EAAE2}.Release|Any CPU.ActiveCfg = Release|Any CPU
		{288F836C-8246-4078-A585-317FF34EAAE2}.Release|Any CPU.Build.0 = Release|Any CPU
	EndGlobalSection
	GlobalSection(SolutionProperties) = preSolution
		HideSolutionNode = FALSE
	EndGlobalSection
	GlobalSection(CodealikeProperties) = postSolution
		SolutionGuid = 2adc3b6d-463d-45ad-b0cd-9f3e609a7bcb
	EndGlobalSection
EndGlobal
